
Microsoft Visual Studio Solution File, Format Version 12.00
# Visual Studio Version 16
VisualStudioVersion = 16.0.810.3
MinimumVisualStudioVersion = 10.0.40219.1
Project("{FAE04EC0-301F-11D3-BF4B-00C04F79EFBC}") = "wp2", "wp2\wp2.csproj", "{C23DDBA2-7D36-43FB-8741-53285386215E}"
EndProject
Global
	GlobalSection(SolutionConfigurationPlatforms) = preSolution
		Debug|Any CPU = Debug|Any CPU
		Release|Any CPU = Release|Any CPU
	EndGlobalSection
	GlobalSection(ProjectConfigurationPlatforms) = postSolution
		{C23DDBA2-7D36-43FB-8741-53285386215E}.Debug|Any CPU.ActiveCfg = Debug|Any CPU
		{C23DDBA2-7D36-43FB-8741-53285386215E}.Debug|Any CPU.Build.0 = Debug|Any CPU
		{C23DDBA2-7D36-43FB-8741-53285386215E}.Release|Any CPU.ActiveCfg = Release|Any CPU
		{C23DDBA2-7D36-43FB-8741-53285386215E}.Release|Any CPU.Build.0 = Release|Any CPU
	EndGlobalSection
	GlobalSection(SolutionProperties) = preSolution
		HideSolutionNode = FALSE
	EndGlobalSection
	GlobalSection(ExtensibilityGlobals) = postSolution
		SolutionGuid = {0842D926-A74E-40E8-96D3-585B33B1D2B0}
	EndGlobalSection
EndGlobal
